
Microsoft Visual Studio Solution File, Format Version 12.00
# Visual Studio Version 17
VisualStudioVersion = 17.0.31903.59
MinimumVisualStudioVersion = 10.0.40219.1
Project("{FAE04EC0-301F-11D3-BF4B-00C04F79EFBC}") = "Hexagonal.Arch.Api", "src\Adapters\Driving\Hexagonal.Arch.Api\Hexagonal.Arch.Api.csproj", "{EC2609D6-CC71-48B9-80F2-3CDD2F1BA566}"
EndProject
Project("{FAE04EC0-301F-11D3-BF4B-00C04F79EFBC}") = "Hexagonal.Arch.Console", "src\Adapters\Driving\Hexagonal.Arch.Console\Hexagonal.Arch.Console.csproj", "{875303F0-D57A-42F9-8173-FFC32B39C77D}"
EndProject
Project("{FAE04EC0-301F-11D3-BF4B-00C04F79EFBC}") = "Hexagonal.Arch.Domain", "src\Core\Hexagonal.Arch.Domain\Hexagonal.Arch.Domain.csproj", "{3BD06D21-12B0-49C5-B19D-269B172EE1A8}"
EndProject
Project("{FAE04EC0-301F-11D3-BF4B-00C04F79EFBC}") = "Hexagonal.Arch.Application", "src\Core\Hexagonal.Arch.Application\Hexagonal.Arch.Application.csproj", "{7C01C09E-7EF6-439A-9ECF-0AA37F1081E0}"
EndProject
Project("{FAE04EC0-301F-11D3-BF4B-00C04F79EFBC}") = "Hexagonal.Arch.Infra.IntegrationViaCepApi", "src\Adapters\Driven\Hexagonal.Arch.Infra.IntegrationViaCepApi\Hexagonal.Arch.Infra.IntegrationViaCepApi.csproj", "{B5D806F4-39D0-4F01-A5C3-A760AB16AC4E}"
EndProject
Project("{FAE04EC0-301F-11D3-BF4B-00C04F79EFBC}") = "Hexagonal.Arch.Infra.Db", "src\Adapters\Driven\Hexagonal.Arch.Infra.Db\Hexagonal.Arch.Infra.Db.csproj", "{98FD7467-535D-4EC5-9AFF-F14341667415}"
EndProject
Project("{FAE04EC0-301F-11D3-BF4B-00C04F79EFBC}") = "Hexagonal.Arch.Test.Domain", "src\Tests\Hexagonal.Arch.Test.Domain\Hexagonal.Arch.Test.Domain.csproj", "{3564E191-187D-4742-B209-C4F971BB15A6}"
EndProject
Project("{FAE04EC0-301F-11D3-BF4B-00C04F79EFBC}") = "Hexagonal.Arch.Test.Application", "src\Tests\Hexagonal.Arch.Test.Application\Hexagonal.Arch.Test.Application.csproj", "{255ABAFE-EDFC-49BD-A4AD-A16E71AC89DE}"
EndProject
Project("{FAE04EC0-301F-11D3-BF4B-00C04F79EFBC}") = "Hexagonal.Arch.Test.Infra.Db", "src\Tests\Hexagonal.Arch.Test.Infra.Db\Hexagonal.Arch.Test.Infra.Db.csproj", "{67239D7D-5548-4DC5-9EC0-665F56267C73}"
EndProject
Project("{FAE04EC0-301F-11D3-BF4B-00C04F79EFBC}") = "Hexagonal.Arch.Test.Infra.IntegrationViaCepApi", "src\Tests\Hexagonal.Arch.Test.Infra.IntegrationViaCepApi\Hexagonal.Arch.Test.Infra.IntegrationViaCepApi.csproj", "{116DF63B-12B7-47FF-A5E6-90CCDE180B1C}"
EndProject
Project("{FAE04EC0-301F-11D3-BF4B-00C04F79EFBC}") = "Hexagonal.Arch.Infra.IntegrationAwsS3", "src\Adapters\Driven\Hexagonal.Arch.Infra.IntegrationAwsS3\Hexagonal.Arch.Infra.IntegrationAwsS3.csproj", "{B44EE3B8-8563-47DD-9BAA-48767EC90E47}"
EndProject
Global
	GlobalSection(SolutionConfigurationPlatforms) = preSolution
		Debug|Any CPU = Debug|Any CPU
		Release|Any CPU = Release|Any CPU
	EndGlobalSection
	GlobalSection(SolutionProperties) = preSolution
		HideSolutionNode = FALSE
	EndGlobalSection
	GlobalSection(ProjectConfigurationPlatforms) = postSolution
		{EC2609D6-CC71-48B9-80F2-3CDD2F1BA566}.Debug|Any CPU.ActiveCfg = Debug|Any CPU
		{EC2609D6-CC71-48B9-80F2-3CDD2F1BA566}.Debug|Any CPU.Build.0 = Debug|Any CPU
		{EC2609D6-CC71-48B9-80F2-3CDD2F1BA566}.Release|Any CPU.ActiveCfg = Release|Any CPU
		{EC2609D6-CC71-48B9-80F2-3CDD2F1BA566}.Release|Any CPU.Build.0 = Release|Any CPU
		{BC912C2E-6890-47E3-842B-7549AD5E56C4}.Debug|Any CPU.ActiveCfg = Debug|Any CPU
		{BC912C2E-6890-47E3-842B-7549AD5E56C4}.Debug|Any CPU.Build.0 = Debug|Any CPU
		{BC912C2E-6890-47E3-842B-7549AD5E56C4}.Release|Any CPU.ActiveCfg = Release|Any CPU
		{BC912C2E-6890-47E3-842B-7549AD5E56C4}.Release|Any CPU.Build.0 = Release|Any CPU
		{BEBF9D63-55D6-4FE1-99C0-F72545BAE1BE}.Debug|Any CPU.ActiveCfg = Debug|Any CPU
		{BEBF9D63-55D6-4FE1-99C0-F72545BAE1BE}.Debug|Any CPU.Build.0 = Debug|Any CPU
		{BEBF9D63-55D6-4FE1-99C0-F72545BAE1BE}.Release|Any CPU.ActiveCfg = Release|Any CPU
		{BEBF9D63-55D6-4FE1-99C0-F72545BAE1BE}.Release|Any CPU.Build.0 = Release|Any CPU
		{3BD06D21-12B0-49C5-B19D-269B172EE1A8}.Debug|Any CPU.ActiveCfg = Debug|Any CPU
		{3BD06D21-12B0-49C5-B19D-269B172EE1A8}.Debug|Any CPU.Build.0 = Debug|Any CPU
		{3BD06D21-12B0-49C5-B19D-269B172EE1A8}.Release|Any CPU.ActiveCfg = Release|Any CPU
		{3BD06D21-12B0-49C5-B19D-269B172EE1A8}.Release|Any CPU.Build.0 = Release|Any CPU
		{7C01C09E-7EF6-439A-9ECF-0AA37F1081E0}.Debug|Any CPU.ActiveCfg = Debug|Any CPU
		{7C01C09E-7EF6-439A-9ECF-0AA37F1081E0}.Debug|Any CPU.Build.0 = Debug|Any CPU
		{7C01C09E-7EF6-439A-9ECF-0AA37F1081E0}.Release|Any CPU.ActiveCfg = Release|Any CPU
		{7C01C09E-7EF6-439A-9ECF-0AA37F1081E0}.Release|Any CPU.Build.0 = Release|Any CPU
		{875303F0-D57A-42F9-8173-FFC32B39C77D}.Debug|Any CPU.ActiveCfg = Debug|Any CPU
		{875303F0-D57A-42F9-8173-FFC32B39C77D}.Debug|Any CPU.Build.0 = Debug|Any CPU
		{875303F0-D57A-42F9-8173-FFC32B39C77D}.Release|Any CPU.ActiveCfg = Release|Any CPU
		{875303F0-D57A-42F9-8173-FFC32B39C77D}.Release|Any CPU.Build.0 = Release|Any CPU
		{B5D806F4-39D0-4F01-A5C3-A760AB16AC4E}.Debug|Any CPU.ActiveCfg = Debug|Any CPU
		{B5D806F4-39D0-4F01-A5C3-A760AB16AC4E}.Debug|Any CPU.Build.0 = Debug|Any CPU
		{B5D806F4-39D0-4F01-A5C3-A760AB16AC4E}.Release|Any CPU.ActiveCfg = Release|Any CPU
		{B5D806F4-39D0-4F01-A5C3-A760AB16AC4E}.Release|Any CPU.Build.0 = Release|Any CPU
		{98FD7467-535D-4EC5-9AFF-F14341667415}.Debug|Any CPU.ActiveCfg = Debug|Any CPU
		{98FD7467-535D-4EC5-9AFF-F14341667415}.Debug|Any CPU.Build.0 = Debug|Any CPU
		{98FD7467-535D-4EC5-9AFF-F14341667415}.Release|Any CPU.ActiveCfg = Release|Any CPU
		{98FD7467-535D-4EC5-9AFF-F14341667415}.Release|Any CPU.Build.0 = Release|Any CPU
		{948674F0-3B32-4E6B-927B-B53318D5CB9D}.Debug|Any CPU.ActiveCfg = Debug|Any CPU
		{948674F0-3B32-4E6B-927B-B53318D5CB9D}.Debug|Any CPU.Build.0 = Debug|Any CPU
		{948674F0-3B32-4E6B-927B-B53318D5CB9D}.Release|Any CPU.ActiveCfg = Release|Any CPU
		{948674F0-3B32-4E6B-927B-B53318D5CB9D}.Release|Any CPU.Build.0 = Release|Any CPU
		{3564E191-187D-4742-B209-C4F971BB15A6}.Debug|Any CPU.ActiveCfg = Debug|Any CPU
		{3564E191-187D-4742-B209-C4F971BB15A6}.Debug|Any CPU.Build.0 = Debug|Any CPU
		{3564E191-187D-4742-B209-C4F971BB15A6}.Release|Any CPU.ActiveCfg = Release|Any CPU
		{3564E191-187D-4742-B209-C4F971BB15A6}.Release|Any CPU.Build.0 = Release|Any CPU
		{255ABAFE-EDFC-49BD-A4AD-A16E71AC89DE}.Debug|Any CPU.ActiveCfg = Debug|Any CPU
		{255ABAFE-EDFC-49BD-A4AD-A16E71AC89DE}.Debug|Any CPU.Build.0 = Debug|Any CPU
		{255ABAFE-EDFC-49BD-A4AD-A16E71AC89DE}.Release|Any CPU.ActiveCfg = Release|Any CPU
		{255ABAFE-EDFC-49BD-A4AD-A16E71AC89DE}.Release|Any CPU.Build.0 = Release|Any CPU
		{67239D7D-5548-4DC5-9EC0-665F56267C73}.Debug|Any CPU.ActiveCfg = Debug|Any CPU
		{67239D7D-5548-4DC5-9EC0-665F56267C73}.Debug|Any CPU.Build.0 = Debug|Any CPU
		{67239D7D-5548-4DC5-9EC0-665F56267C73}.Release|Any CPU.ActiveCfg = Release|Any CPU
		{67239D7D-5548-4DC5-9EC0-665F56267C73}.Release|Any CPU.Build.0 = Release|Any CPU
		{116DF63B-12B7-47FF-A5E6-90CCDE180B1C}.Debug|Any CPU.ActiveCfg = Debug|Any CPU
		{116DF63B-12B7-47FF-A5E6-90CCDE180B1C}.Debug|Any CPU.Build.0 = Debug|Any CPU
		{116DF63B-12B7-47FF-A5E6-90CCDE180B1C}.Release|Any CPU.ActiveCfg = Release|Any CPU
		{116DF63B-12B7-47FF-A5E6-90CCDE180B1C}.Release|Any CPU.Build.0 = Release|Any CPU
		{B44EE3B8-8563-47DD-9BAA-48767EC90E47}.Debug|Any CPU.ActiveCfg = Debug|Any CPU
		{B44EE3B8-8563-47DD-9BAA-48767EC90E47}.Debug|Any CPU.Build.0 = Debug|Any CPU
		{B44EE3B8-8563-47DD-9BAA-48767EC90E47}.Release|Any CPU.ActiveCfg = Release|Any CPU
		{B44EE3B8-8563-47DD-9BAA-48767EC90E47}.Release|Any CPU.Build.0 = Release|Any CPU
	EndGlobalSection
EndGlobal
